
Microsoft Visual Studio Solution File, Format Version 12.00
# Visual Studio Version 17
VisualStudioVersion = 17.6.33801.468
MinimumVisualStudioVersion = 10.0.40219.1
Project("{FAE04EC0-301F-11D3-BF4B-00C04F79EFBC}") = "LoginPage1", "LoginPage1.csproj", "{4C87D031-2F26-4E90-9A9E-971EEBB49B0A}"
EndProject
Global
	GlobalSection(SolutionConfigurationPlatforms) = preSolution
		Debug|Any CPU = Debug|Any CPU
		Release|Any CPU = Release|Any CPU
	EndGlobalSection
	GlobalSection(ProjectConfigurationPlatforms) = postSolution
		{4C87D031-2F26-4E90-9A9E-971EEBB49B0A}.Debug|Any CPU.ActiveCfg = Debug|Any CPU
		{4C87D031-2F26-4E90-9A9E-971EEBB49B0A}.Debug|Any CPU.Build.0 = Debug|Any CPU
		{4C87D031-2F26-4E90-9A9E-971EEBB49B0A}.Release|Any CPU.ActiveCfg = Release|Any CPU
		{4C87D031-2F26-4E90-9A9E-971EEBB49B0A}.Release|Any CPU.Build.0 = Release|Any CPU
	EndGlobalSection
	GlobalSection(SolutionProperties) = preSolution
		HideSolutionNode = FALSE
	EndGlobalSection
	GlobalSection(ExtensibilityGlobals) = postSolution
		SolutionGuid = {79004E77-6BC7-4C27-BC4F-49F9293C9AD5}
	EndGlobalSection
EndGlobal
